
Microsoft Visual Studio Solution File, Format Version 12.00
# Visual Studio Version 17
VisualStudioVersion = 17.9.34723.18
MinimumVisualStudioVersion = 10.0.40219.1
Project("{FAE04EC0-301F-11D3-BF4B-00C04F79EFBC}") = "ChoreographyKata", "ChoreographyKata\ChoreographyKata.csproj", "{CA02A2CC-0C46-4B5C-BAEA-2432DF4593E8}"
EndProject
Project("{FAE04EC0-301F-11D3-BF4B-00C04F79EFBC}") = "ChoreographyKata.Tests", "ChoreographyKata.Tests\ChoreographyKata.Tests.csproj", "{7A715733-A84C-4CE2-9A91-1BE9A11C4306}"
EndProject
Global
	GlobalSection(SolutionConfigurationPlatforms) = preSolution
		Debug|Any CPU = Debug|Any CPU
		Release|Any CPU = Release|Any CPU
	EndGlobalSection
	GlobalSection(ProjectConfigurationPlatforms) = postSolution
		{CA02A2CC-0C46-4B5C-BAEA-2432DF4593E8}.Debug|Any CPU.ActiveCfg = Debug|Any CPU
		{CA02A2CC-0C46-4B5C-BAEA-2432DF4593E8}.Debug|Any CPU.Build.0 = Debug|Any CPU
		{CA02A2CC-0C46-4B5C-BAEA-2432DF4593E8}.Release|Any CPU.ActiveCfg = Release|Any CPU
		{CA02A2CC-0C46-4B5C-BAEA-2432DF4593E8}.Release|Any CPU.Build.0 = Release|Any CPU
		{7A715733-A84C-4CE2-9A91-1BE9A11C4306}.Debug|Any CPU.ActiveCfg = Debug|Any CPU
		{7A715733-A84C-4CE2-9A91-1BE9A11C4306}.Debug|Any CPU.Build.0 = Debug|Any CPU
		{7A715733-A84C-4CE2-9A91-1BE9A11C4306}.Release|Any CPU.ActiveCfg = Release|Any CPU
		{7A715733-A84C-4CE2-9A91-1BE9A11C4306}.Release|Any CPU.Build.0 = Release|Any CPU
	EndGlobalSection
	GlobalSection(SolutionProperties) = preSolution
		HideSolutionNode = FALSE
	EndGlobalSection
	GlobalSection(ExtensibilityGlobals) = postSolution
		SolutionGuid = {C094062C-04EF-4066-90EE-02B4C198EF20}
	EndGlobalSection
EndGlobal
